
Microsoft Visual Studio Solution File, Format Version 12.00
# Visual Studio Version 18
VisualStudioVersion = 18.0.11018.127 d18.0
MinimumVisualStudioVersion = 10.0.40219.1
Project("{FAE04EC0-301F-11D3-BF4B-00C04F79EFBC}") = "ETBBS", "ETBBS\ETBBS.csproj", "{6F5176BC-A740-4D30-965A-B407CDF1DCD0}"
EndProject
Project("{FAE04EC0-301F-11D3-BF4B-00C04F79EFBC}") = "LB_FATE", "LB_FATE\LB_FATE.csproj", "{2B77CFCC-1797-4278-820A-6E0ED72B9FCA}"
EndProject
Project("{FAE04EC0-301F-11D3-BF4B-00C04F79EFBC}") = "ETBBS.Tests", "ETBBS.Tests\ETBBS.Tests.csproj", "{0E0C0B5B-2CE3-4F9C-A09F-6D9D521A132F}"
EndProject
Project("{FAE04EC0-301F-11D3-BF4B-00C04F79EFBC}") = "LB_FATE.Tests", "LB_FATE.Tests\LB_FATE.Tests.csproj", "{E3991C82-880A-4A30-EDC1-678C8B443B06}"
EndProject
Project("{FAE04EC0-301F-11D3-BF4B-00C04F79EFBC}") = "ETBBS.LbrValidator", "ETBBS.LbrValidator\ETBBS.LbrValidator.csproj", "{D8F3D55F-EF61-4BB4-A484-BEEE15C4D1E3}"
EndProject
Project("{FAE04EC0-301F-11D3-BF4B-00C04F79EFBC}") = "ETBBS.Benchmarks", "ETBBS.Benchmarks\ETBBS.Benchmarks.csproj", "{976901A9-6B2C-704A-602F-613A084FADF8}"
EndProject
Project("{FAE04EC0-301F-11D3-BF4B-00C04F79EFBC}") = "ETBBS.Lsp", "ETBBS.Lsp\ETBBS.Lsp.csproj", "{2BE903BE-5F54-087F-25F3-97E1976C6851}"
EndProject
Global
	GlobalSection(SolutionConfigurationPlatforms) = preSolution
		Debug|Any CPU = Debug|Any CPU
		Debug|x64 = Debug|x64
		Debug|x86 = Debug|x86
		Release|Any CPU = Release|Any CPU
		Release|x64 = Release|x64
		Release|x86 = Release|x86
	EndGlobalSection
	GlobalSection(ProjectConfigurationPlatforms) = postSolution
		{6F5176BC-A740-4D30-965A-B407CDF1DCD0}.Debug|Any CPU.ActiveCfg = Debug|Any CPU
		{6F5176BC-A740-4D30-965A-B407CDF1DCD0}.Debug|Any CPU.Build.0 = Debug|Any CPU
		{6F5176BC-A740-4D30-965A-B407CDF1DCD0}.Debug|x64.ActiveCfg = Debug|Any CPU
		{6F5176BC-A740-4D30-965A-B407CDF1DCD0}.Debug|x64.Build.0 = Debug|Any CPU
		{6F5176BC-A740-4D30-965A-B407CDF1DCD0}.Debug|x86.ActiveCfg = Debug|Any CPU
		{6F5176BC-A740-4D30-965A-B407CDF1DCD0}.Debug|x86.Build.0 = Debug|Any CPU
		{6F5176BC-A740-4D30-965A-B407CDF1DCD0}.Release|Any CPU.ActiveCfg = Release|Any CPU
		{6F5176BC-A740-4D30-965A-B407CDF1DCD0}.Release|Any CPU.Build.0 = Release|Any CPU
		{6F5176BC-A740-4D30-965A-B407CDF1DCD0}.Release|x64.ActiveCfg = Release|Any CPU
		{6F5176BC-A740-4D30-965A-B407CDF1DCD0}.Release|x64.Build.0 = Release|Any CPU
		{6F5176BC-A740-4D30-965A-B407CDF1DCD0}.Release|x86.ActiveCfg = Release|Any CPU
		{6F5176BC-A740-4D30-965A-B407CDF1DCD0}.Release|x86.Build.0 = Release|Any CPU
		{2B77CFCC-1797-4278-820A-6E0ED72B9FCA}.Debug|Any CPU.ActiveCfg = Debug|Any CPU
		{2B77CFCC-1797-4278-820A-6E0ED72B9FCA}.Debug|Any CPU.Build.0 = Debug|Any CPU
		{2B77CFCC-1797-4278-820A-6E0ED72B9FCA}.Debug|x64.ActiveCfg = Debug|Any CPU
		{2B77CFCC-1797-4278-820A-6E0ED72B9FCA}.Debug|x64.Build.0 = Debug|Any CPU
		{2B77CFCC-1797-4278-820A-6E0ED72B9FCA}.Debug|x86.ActiveCfg = Debug|Any CPU
		{2B77CFCC-1797-4278-820A-6E0ED72B9FCA}.Debug|x86.Build.0 = Debug|Any CPU
		{2B77CFCC-1797-4278-820A-6E0ED72B9FCA}.Release|Any CPU.ActiveCfg = Release|Any CPU
		{2B77CFCC-1797-4278-820A-6E0ED72B9FCA}.Release|Any CPU.Build.0 = Release|Any CPU
		{2B77CFCC-1797-4278-820A-6E0ED72B9FCA}.Release|x64.ActiveCfg = Release|Any CPU
		{2B77CFCC-1797-4278-820A-6E0ED72B9FCA}.Release|x64.Build.0 = Release|Any CPU
		{2B77CFCC-1797-4278-820A-6E0ED72B9FCA}.Release|x86.ActiveCfg = Release|Any CPU
		{2B77CFCC-1797-4278-820A-6E0ED72B9FCA}.Release|x86.Build.0 = Release|Any CPU
		{0E0C0B5B-2CE3-4F9C-A09F-6D9D521A132F}.Debug|Any CPU.ActiveCfg = Debug|Any CPU
		{0E0C0B5B-2CE3-4F9C-A09F-6D9D521A132F}.Debug|Any CPU.Build.0 = Debug|Any CPU
		{0E0C0B5B-2CE3-4F9C-A09F-6D9D521A132F}.Debug|x64.ActiveCfg = Debug|Any CPU
		{0E0C0B5B-2CE3-4F9C-A09F-6D9D521A132F}.Debug|x64.Build.0 = Debug|Any CPU
		{0E0C0B5B-2CE3-4F9C-A09F-6D9D521A132F}.Debug|x86.ActiveCfg = Debug|Any CPU
		{0E0C0B5B-2CE3-4F9C-A09F-6D9D521A132F}.Debug|x86.Build.0 = Debug|Any CPU
		{0E0C0B5B-2CE3-4F9C-A09F-6D9D521A132F}.Release|Any CPU.ActiveCfg = Release|Any CPU
		{0E0C0B5B-2CE3-4F9C-A09F-6D9D521A132F}.Release|Any CPU.Build.0 = Release|Any CPU
		{0E0C0B5B-2CE3-4F9C-A09F-6D9D521A132F}.Release|x64.ActiveCfg = Release|Any CPU
		{0E0C0B5B-2CE3-4F9C-A09F-6D9D521A132F}.Release|x64.Build.0 = Release|Any CPU
		{0E0C0B5B-2CE3-4F9C-A09F-6D9D521A132F}.Release|x86.ActiveCfg = Release|Any CPU
		{0E0C0B5B-2CE3-4F9C-A09F-6D9D521A132F}.Release|x86.Build.0 = Release|Any CPU
		{E3991C82-880A-4A30-EDC1-678C8B443B06}.Debug|Any CPU.ActiveCfg = Debug|Any CPU
		{E3991C82-880A-4A30-EDC1-678C8B443B06}.Debug|Any CPU.Build.0 = Debug|Any CPU
		{E3991C82-880A-4A30-EDC1-678C8B443B06}.Debug|x64.ActiveCfg = Debug|Any CPU
		{E3991C82-880A-4A30-EDC1-678C8B443B06}.Debug|x64.Build.0 = Debug|Any CPU
		{E3991C82-880A-4A30-EDC1-678C8B443B06}.Debug|x86.ActiveCfg = Debug|Any CPU
		{E3991C82-880A-4A30-EDC1-678C8B443B06}.Debug|x86.Build.0 = Debug|Any CPU
		{E3991C82-880A-4A30-EDC1-678C8B443B06}.Release|Any CPU.ActiveCfg = Release|Any CPU
		{E3991C82-880A-4A30-EDC1-678C8B443B06}.Release|Any CPU.Build.0 = Release|Any CPU
		{E3991C82-880A-4A30-EDC1-678C8B443B06}.Release|x64.ActiveCfg = Release|Any CPU
		{E3991C82-880A-4A30-EDC1-678C8B443B06}.Release|x64.Build.0 = Release|Any CPU
		{E3991C82-880A-4A30-EDC1-678C8B443B06}.Release|x86.ActiveCfg = Release|Any CPU
		{E3991C82-880A-4A30-EDC1-678C8B443B06}.Release|x86.Build.0 = Release|Any CPU
		{D8F3D55F-EF61-4BB4-A484-BEEE15C4D1E3}.Debug|Any CPU.ActiveCfg = Debug|Any CPU
		{D8F3D55F-EF61-4BB4-A484-BEEE15C4D1E3}.Debug|Any CPU.Build.0 = Debug|Any CPU
		{D8F3D55F-EF61-4BB4-A484-BEEE15C4D1E3}.Debug|x64.ActiveCfg = Debug|Any CPU
		{D8F3D55F-EF61-4BB4-A484-BEEE15C4D1E3}.Debug|x64.Build.0 = Debug|Any CPU
		{D8F3D55F-EF61-4BB4-A484-BEEE15C4D1E3}.Debug|x86.ActiveCfg = Debug|Any CPU
		{D8F3D55F-EF61-4BB4-A484-BEEE15C4D1E3}.Debug|x86.Build.0 = Debug|Any CPU
		{D8F3D55F-EF61-4BB4-A484-BEEE15C4D1E3}.Release|Any CPU.ActiveCfg = Release|Any CPU
		{D8F3D55F-EF61-4BB4-A484-BEEE15C4D1E3}.Release|Any CPU.Build.0 = Release|Any CPU
		{D8F3D55F-EF61-4BB4-A484-BEEE15C4D1E3}.Release|x64.ActiveCfg = Release|Any CPU
		{D8F3D55F-EF61-4BB4-A484-BEEE15C4D1E3}.Release|x64.Build.0 = Release|Any CPU
		{D8F3D55F-EF61-4BB4-A484-BEEE15C4D1E3}.Release|x86.ActiveCfg = Release|Any CPU
		{D8F3D55F-EF61-4BB4-A484-BEEE15C4D1E3}.Release|x86.Build.0 = Release|Any CPU
		{976901A9-6B2C-704A-602F-613A084FADF8}.Debug|Any CPU.ActiveCfg = Debug|Any CPU
		{976901A9-6B2C-704A-602F-613A084FADF8}.Debug|Any CPU.Build.0 = Debug|Any CPU
		{976901A9-6B2C-704A-602F-613A084FADF8}.Debug|x64.ActiveCfg = Debug|Any CPU
		{976901A9-6B2C-704A-602F-613A084FADF8}.Debug|x64.Build.0 = Debug|Any CPU
		{976901A9-6B2C-704A-602F-613A084FADF8}.Debug|x86.ActiveCfg = Debug|Any CPU
		{976901A9-6B2C-704A-602F-613A084FADF8}.Debug|x86.Build.0 = Debug|Any CPU
		{976901A9-6B2C-704A-602F-613A084FADF8}.Release|Any CPU.ActiveCfg = Release|Any CPU
		{976901A9-6B2C-704A-602F-613A084FADF8}.Release|Any CPU.Build.0 = Release|Any CPU
		{976901A9-6B2C-704A-602F-613A084FADF8}.Release|x64.ActiveCfg = Release|Any CPU
		{976901A9-6B2C-704A-602F-613A084FADF8}.Release|x64.Build.0 = Release|Any CPU
		{976901A9-6B2C-704A-602F-613A084FADF8}.Release|x86.ActiveCfg = Release|Any CPU
		{976901A9-6B2C-704A-602F-613A084FADF8}.Release|x86.Build.0 = Release|Any CPU
		{2BE903BE-5F54-087F-25F3-97E1976C6851}.Debug|Any CPU.ActiveCfg = Debug|Any CPU
		{2BE903BE-5F54-087F-25F3-97E1976C6851}.Debug|Any CPU.Build.0 = Debug|Any CPU
		{2BE903BE-5F54-087F-25F3-97E1976C6851}.Debug|x64.ActiveCfg = Debug|Any CPU
		{2BE903BE-5F54-087F-25F3-97E1976C6851}.Debug|x64.Build.0 = Debug|Any CPU
		{2BE903BE-5F54-087F-25F3-97E1976C6851}.Debug|x86.ActiveCfg = Debug|Any CPU
		{2BE903BE-5F54-087F-25F3-97E1976C6851}.Debug|x86.Build.0 = Debug|Any CPU
		{2BE903BE-5F54-087F-25F3-97E1976C6851}.Release|Any CPU.ActiveCfg = Release|Any CPU
		{2BE903BE-5F54-087F-25F3-97E1976C6851}.Release|Any CPU.Build.0 = Release|Any CPU
		{2BE903BE-5F54-087F-25F3-97E1976C6851}.Release|x64.ActiveCfg = Release|Any CPU
		{2BE903BE-5F54-087F-25F3-97E1976C6851}.Release|x64.Build.0 = Release|Any CPU
		{2BE903BE-5F54-087F-25F3-97E1976C6851}.Release|x86.ActiveCfg = Release|Any CPU
		{2BE903BE-5F54-087F-25F3-97E1976C6851}.Release|x86.Build.0 = Release|Any CPU
	EndGlobalSection
	GlobalSection(SolutionProperties) = preSolution
		HideSolutionNode = FALSE
	EndGlobalSection
	GlobalSection(ExtensibilityGlobals) = postSolution
		SolutionGuid = {ACF79497-7817-4820-84EC-42252D839E3A}
	EndGlobalSection
EndGlobal
